// !$*UTF8*$!
{
	archiveVersion = 1;
	classes = {
	};
	objectVersion = 50;
	objects = {

/* Begin PBXBuildFile section */
		FC52A00C217CBCEA00886C76 /* AppConfigurator.swift in Sources */ = {isa = PBXBuildFile; fileRef = FC52A00B217CBCEA00886C76 /* AppConfigurator.swift */; };
		FC52A00E217CBCF700886C76 /* DeeplinkHandler.swift in Sources */ = {isa = PBXBuildFile; fileRef = FC52A00D217CBCF700886C76 /* DeeplinkHandler.swift */; };
		FC52A010217CBCFF00886C76 /* QuizConfigurator.swift in Sources */ = {isa = PBXBuildFile; fileRef = FC52A00F217CBCFF00886C76 /* QuizConfigurator.swift */; };
		FC52A016217CC0EF00886C76 /* NotificationHandler.swift in Sources */ = {isa = PBXBuildFile; fileRef = FC52A015217CC0EF00886C76 /* NotificationHandler.swift */; };
		FC52A018217CC7FA00886C76 /* GoogleService-Info.plist in Resources */ = {isa = PBXBuildFile; fileRef = FC52A017217CC7FA00886C76 /* GoogleService-Info.plist */; };
		FC52A01B217CCADC00886C76 /* StartRouter.swift in Sources */ = {isa = PBXBuildFile; fileRef = FC52A01A217CCADC00886C76 /* StartRouter.swift */; };
		FC52A01D217CCAE400886C76 /* StartPresenter.swift in Sources */ = {isa = PBXBuildFile; fileRef = FC52A01C217CCAE400886C76 /* StartPresenter.swift */; };
		FC8C5528217BD79100B77B6E /* AppDelegate.swift in Sources */ = {isa = PBXBuildFile; fileRef = FC8C5527217BD79100B77B6E /* AppDelegate.swift */; };
		FC8C552A217BD79100B77B6E /* StartViewController.swift in Sources */ = {isa = PBXBuildFile; fileRef = FC8C5529217BD79100B77B6E /* StartViewController.swift */; };
		FC8C552F217BD79300B77B6E /* Assets.xcassets in Resources */ = {isa = PBXBuildFile; fileRef = FC8C552E217BD79300B77B6E /* Assets.xcassets */; };
		FC8C5532217BD79300B77B6E /* LaunchScreen.storyboard in Resources */ = {isa = PBXBuildFile; fileRef = FC8C5530217BD79300B77B6E /* LaunchScreen.storyboard */; };
		FC8C553D217BD79300B77B6E /* Muslim_QuizTests.swift in Sources */ = {isa = PBXBuildFile; fileRef = FC8C553C217BD79300B77B6E /* Muslim_QuizTests.swift */; };
/* End PBXBuildFile section */

/* Begin PBXContainerItemProxy section */
		FC8C5539217BD79300B77B6E /* PBXContainerItemProxy */ = {
			isa = PBXContainerItemProxy;
			containerPortal = FC8C551C217BD79000B77B6E /* Project object */;
			proxyType = 1;
			remoteGlobalIDString = FC8C5523217BD79000B77B6E;
			remoteInfo = "Muslim Quiz";
		};
/* End PBXContainerItemProxy section */

/* Begin PBXFileReference section */
		FC529FFF217CB58700886C76 /* Muslim Quiz.entitlements */ = {isa = PBXFileReference; lastKnownFileType = text.plist.entitlements; path = "Muslim Quiz.entitlements"; sourceTree = "<group>"; };
		FC52A00B217CBCEA00886C76 /* AppConfigurator.swift */ = {isa = PBXFileReference; lastKnownFileType = sourcecode.swift; path = AppConfigurator.swift; sourceTree = "<group>"; };
		FC52A00D217CBCF700886C76 /* DeeplinkHandler.swift */ = {isa = PBXFileReference; lastKnownFileType = sourcecode.swift; path = DeeplinkHandler.swift; sourceTree = "<group>"; };
		FC52A00F217CBCFF00886C76 /* QuizConfigurator.swift */ = {isa = PBXFileReference; lastKnownFileType = sourcecode.swift; path = QuizConfigurator.swift; sourceTree = "<group>"; };
		FC52A015217CC0EF00886C76 /* NotificationHandler.swift */ = {isa = PBXFileReference; lastKnownFileType = sourcecode.swift; path = NotificationHandler.swift; sourceTree = "<group>"; };
		FC52A017217CC7FA00886C76 /* GoogleService-Info.plist */ = {isa = PBXFileReference; fileEncoding = 4; lastKnownFileType = text.plist.xml; path = "GoogleService-Info.plist"; sourceTree = "<group>"; };
		FC52A01A217CCADC00886C76 /* StartRouter.swift */ = {isa = PBXFileReference; lastKnownFileType = sourcecode.swift; path = StartRouter.swift; sourceTree = "<group>"; };
		FC52A01C217CCAE400886C76 /* StartPresenter.swift */ = {isa = PBXFileReference; lastKnownFileType = sourcecode.swift; path = StartPresenter.swift; sourceTree = "<group>"; };
		FC8C5524217BD79100B77B6E /* Muslim Quiz.app */ = {isa = PBXFileReference; explicitFileType = wrapper.application; includeInIndex = 0; path = "Muslim Quiz.app"; sourceTree = BUILT_PRODUCTS_DIR; };
		FC8C5527217BD79100B77B6E /* AppDelegate.swift */ = {isa = PBXFileReference; lastKnownFileType = sourcecode.swift; path = AppDelegate.swift; sourceTree = "<group>"; };
		FC8C5529217BD79100B77B6E /* StartViewController.swift */ = {isa = PBXFileReference; lastKnownFileType = sourcecode.swift; path = StartViewController.swift; sourceTree = "<group>"; };
		FC8C552E217BD79300B77B6E /* Assets.xcassets */ = {isa = PBXFileReference; lastKnownFileType = folder.assetcatalog; path = Assets.xcassets; sourceTree = "<group>"; };
		FC8C5531217BD79300B77B6E /* Base */ = {isa = PBXFileReference; lastKnownFileType = file.storyboard; name = Base; path = Base.lproj/LaunchScreen.storyboard; sourceTree = "<group>"; };
		FC8C5533217BD79300B77B6E /* Muslim-Quiz.plist */ = {isa = PBXFileReference; lastKnownFileType = text.plist.xml; path = "Muslim-Quiz.plist"; sourceTree = "<group>"; };
		FC8C5538217BD79300B77B6E /* Muslim QuizTests.xctest */ = {isa = PBXFileReference; explicitFileType = wrapper.cfbundle; includeInIndex = 0; path = "Muslim QuizTests.xctest"; sourceTree = BUILT_PRODUCTS_DIR; };
		FC8C553C217BD79300B77B6E /* Muslim_QuizTests.swift */ = {isa = PBXFileReference; lastKnownFileType = sourcecode.swift; path = Muslim_QuizTests.swift; sourceTree = "<group>"; };
		FC8C553E217BD79300B77B6E /* Info.plist */ = {isa = PBXFileReference; lastKnownFileType = text.plist.xml; path = Info.plist; sourceTree = "<group>"; };
/* End PBXFileReference section */

/* Begin PBXFrameworksBuildPhase section */
		FC8C5521217BD79000B77B6E /* Frameworks */ = {
			isa = PBXFrameworksBuildPhase;
			buildActionMask = 2147483647;
			files = (
			);
			runOnlyForDeploymentPostprocessing = 0;
		};
		FC8C5535217BD79300B77B6E /* Frameworks */ = {
			isa = PBXFrameworksBuildPhase;
			buildActionMask = 2147483647;
			files = (
			);
			runOnlyForDeploymentPostprocessing = 0;
		};
/* End PBXFrameworksBuildPhase section */

/* Begin PBXGroup section */
		FC52A008217CBC0600886C76 /* Supporting Files */ = {
			isa = PBXGroup;
			children = (
				FC529FFF217CB58700886C76 /* Muslim Quiz.entitlements */,
				FC8C552E217BD79300B77B6E /* Assets.xcassets */,
				FC8C5530217BD79300B77B6E /* LaunchScreen.storyboard */,
				FC52A017217CC7FA00886C76 /* GoogleService-Info.plist */,
				FC8C5533217BD79300B77B6E /* Muslim-Quiz.plist */,
			);
			path = "Supporting Files";
			sourceTree = "<group>";
		};
		FC52A009217CBCBF00886C76 /* App */ = {
			isa = PBXGroup;
			children = (
				FC8C5527217BD79100B77B6E /* AppDelegate.swift */,
				FC52A00B217CBCEA00886C76 /* AppConfigurator.swift */,
				FC52A00F217CBCFF00886C76 /* QuizConfigurator.swift */,
				FC52A00D217CBCF700886C76 /* DeeplinkHandler.swift */,
				FC52A015217CC0EF00886C76 /* NotificationHandler.swift */,
			);
			path = App;
			sourceTree = "<group>";
		};
		FC52A00A217CBCC400886C76 /* Modules */ = {
			isa = PBXGroup;
			children = (
				FC52A019217CCACA00886C76 /* Start */,
			);
			path = Modules;
			sourceTree = "<group>";
		};
		FC52A019217CCACA00886C76 /* Start */ = {
			isa = PBXGroup;
			children = (
				FC8C5529217BD79100B77B6E /* StartViewController.swift */,
				FC52A01A217CCADC00886C76 /* StartRouter.swift */,
				FC52A01C217CCAE400886C76 /* StartPresenter.swift */,
			);
			path = Start;
			sourceTree = "<group>";
		};
		FC8C551B217BD79000B77B6E = {
			isa = PBXGroup;
			children = (
				FC8C5526217BD79100B77B6E /* Muslim Quiz */,
				FC8C553B217BD79300B77B6E /* Muslim QuizTests */,
				FC8C5525217BD79100B77B6E /* Products */,
			);
			sourceTree = "<group>";
		};
		FC8C5525217BD79100B77B6E /* Products */ = {
			isa = PBXGroup;
			children = (
				FC8C5524217BD79100B77B6E /* Muslim Quiz.app */,
				FC8C5538217BD79300B77B6E /* Muslim QuizTests.xctest */,
			);
			name = Products;
			sourceTree = "<group>";
		};
		FC8C5526217BD79100B77B6E /* Muslim Quiz */ = {
			isa = PBXGroup;
			children = (
				FC52A009217CBCBF00886C76 /* App */,
				FC52A00A217CBCC400886C76 /* Modules */,
				FC52A008217CBC0600886C76 /* Supporting Files */,
			);
			path = "Muslim Quiz";
			sourceTree = "<group>";
		};
		FC8C553B217BD79300B77B6E /* Muslim QuizTests */ = {
			isa = PBXGroup;
			children = (
				FC8C553C217BD79300B77B6E /* Muslim_QuizTests.swift */,
				FC8C553E217BD79300B77B6E /* Info.plist */,
			);
			path = "Muslim QuizTests";
			sourceTree = "<group>";
		};
/* End PBXGroup section */

/* Begin PBXNativeTarget section */
		FC8C5523217BD79000B77B6E /* Muslim Quiz */ = {
			isa = PBXNativeTarget;
			buildConfigurationList = FC8C5541217BD79300B77B6E /* Build configuration list for PBXNativeTarget "Muslim Quiz" */;
			buildPhases = (
				FC8C5520217BD79000B77B6E /* Sources */,
				FC8C5521217BD79000B77B6E /* Frameworks */,
				FC8C5522217BD79000B77B6E /* Resources */,
			);
			buildRules = (
			);
			dependencies = (
			);
			name = "Muslim Quiz";
			productName = "Muslim Quiz";
			productReference = FC8C5524217BD79100B77B6E /* Muslim Quiz.app */;
			productType = "com.apple.product-type.application";
		};
		FC8C5537217BD79300B77B6E /* Muslim QuizTests */ = {
			isa = PBXNativeTarget;
			buildConfigurationList = FC8C5544217BD79300B77B6E /* Build configuration list for PBXNativeTarget "Muslim QuizTests" */;
			buildPhases = (
				FC8C5534217BD79300B77B6E /* Sources */,
				FC8C5535217BD79300B77B6E /* Frameworks */,
				FC8C5536217BD79300B77B6E /* Resources */,
			);
			buildRules = (
			);
			dependencies = (
				FC8C553A217BD79300B77B6E /* PBXTargetDependency */,
			);
			name = "Muslim QuizTests";
			productName = "Muslim QuizTests";
			productReference = FC8C5538217BD79300B77B6E /* Muslim QuizTests.xctest */;
			productType = "com.apple.product-type.bundle.unit-test";
		};
/* End PBXNativeTarget section */

/* Begin PBXProject section */
		FC8C551C217BD79000B77B6E /* Project object */ = {
			isa = PBXProject;
			attributes = {
				LastSwiftUpdateCheck = 1000;
				LastUpgradeCheck = 1000;
				ORGANIZATIONNAME = "Amin Benarieb";
				TargetAttributes = {
					FC8C5523217BD79000B77B6E = {
						CreatedOnToolsVersion = 10.0;
						SystemCapabilities = {
							com.apple.SafariKeychain = {
								enabled = 1;
							};
						};
					};
					FC8C5537217BD79300B77B6E = {
						CreatedOnToolsVersion = 10.0;
						TestTargetID = FC8C5523217BD79000B77B6E;
					};
				};
			};
			buildConfigurationList = FC8C551F217BD79000B77B6E /* Build configuration list for PBXProject "Muslim Quiz" */;
			compatibilityVersion = "Xcode 9.3";
			developmentRegion = en;
			hasScannedForEncodings = 0;
			knownRegions = (
				en,
				Base,
			);
			mainGroup = FC8C551B217BD79000B77B6E;
			productRefGroup = FC8C5525217BD79100B77B6E /* Products */;
			projectDirPath = "";
			projectRoot = "";
			targets = (
				FC8C5523217BD79000B77B6E /* Muslim Quiz */,
				FC8C5537217BD79300B77B6E /* Muslim QuizTests */,
			);
		};
/* End PBXProject section */

/* Begin PBXResourcesBuildPhase section */
		FC8C5522217BD79000B77B6E /* Resources */ = {
			isa = PBXResourcesBuildPhase;
			buildActionMask = 2147483647;
			files = (
				FC8C5532217BD79300B77B6E /* LaunchScreen.storyboard in Resources */,
				FC52A018217CC7FA00886C76 /* GoogleService-Info.plist in Resources */,
				FC8C552F217BD79300B77B6E /* Assets.xcassets in Resources */,
			);
			runOnlyForDeploymentPostprocessing = 0;
		};
		FC8C5536217BD79300B77B6E /* Resources */ = {
			isa = PBXResourcesBuildPhase;
			buildActionMask = 2147483647;
			files = (
			);
			runOnlyForDeploymentPostprocessing = 0;
		};
/* End PBXResourcesBuildPhase section */

/* Begin PBXSourcesBuildPhase section */
		FC8C5520217BD79000B77B6E /* Sources */ = {
			isa = PBXSourcesBuildPhase;
			buildActionMask = 2147483647;
			files = (
				FC52A00E217CBCF700886C76 /* DeeplinkHandler.swift in Sources */,
				FC52A016217CC0EF00886C76 /* NotificationHandler.swift in Sources */,
				FC52A01B217CCADC00886C76 /* StartRouter.swift in Sources */,
				FC8C552A217BD79100B77B6E /* StartViewController.swift in Sources */,
				FC52A010217CBCFF00886C76 /* QuizConfigurator.swift in Sources */,
				FC52A01D217CCAE400886C76 /* StartPresenter.swift in Sources */,
				FC8C5528217BD79100B77B6E /* AppDelegate.swift in Sources */,
				FC52A00C217CBCEA00886C76 /* AppConfigurator.swift in Sources */,
			);
			runOnlyForDeploymentPostprocessing = 0;
		};
		FC8C5534217BD79300B77B6E /* Sources */ = {
			isa = PBXSourcesBuildPhase;
			buildActionMask = 2147483647;
			files = (
				FC8C553D217BD79300B77B6E /* Muslim_QuizTests.swift in Sources */,
			);
			runOnlyForDeploymentPostprocessing = 0;
		};
/* End PBXSourcesBuildPhase section */

/* Begin PBXTargetDependency section */
		FC8C553A217BD79300B77B6E /* PBXTargetDependency */ = {
			isa = PBXTargetDependency;
			target = FC8C5523217BD79000B77B6E /* Muslim Quiz */;
			targetProxy = FC8C5539217BD79300B77B6E /* PBXContainerItemProxy */;
		};
/* End PBXTargetDependency section */

/* Begin PBXVariantGroup section */
		FC8C5530217BD79300B77B6E /* LaunchScreen.storyboard */ = {
			isa = PBXVariantGroup;
			children = (
				FC8C5531217BD79300B77B6E /* Base */,
			);
			name = LaunchScreen.storyboard;
			sourceTree = "<group>";
		};
/* End PBXVariantGroup section */

/* Begin XCBuildConfiguration section */
		FC8C553F217BD79300B77B6E /* Debug */ = {
			isa = XCBuildConfiguration;
			buildSettings = {
				ALWAYS_SEARCH_USER_PATHS = NO;
				CLANG_ANALYZER_NONNULL = YES;
				CLANG_ANALYZER_NUMBER_OBJECT_CONVERSION = YES_AGGRESSIVE;
				CLANG_CXX_LANGUAGE_STANDARD = "gnu++14";
				CLANG_CXX_LIBRARY = "libc++";
				CLANG_ENABLE_MODULES = YES;
				CLANG_ENABLE_OBJC_ARC = YES;
				CLANG_ENABLE_OBJC_WEAK = YES;
				CLANG_WARN_BLOCK_CAPTURE_AUTORELEASING = YES;
				CLANG_WARN_BOOL_CONVERSION = YES;
				CLANG_WARN_COMMA = YES;
				CLANG_WARN_CONSTANT_CONVERSION = YES;
				CLANG_WARN_DEPRECATED_OBJC_IMPLEMENTATIONS = YES;
				CLANG_WARN_DIRECT_OBJC_ISA_USAGE = YES_ERROR;
				CLANG_WARN_DOCUMENTATION_COMMENTS = YES;
				CLANG_WARN_EMPTY_BODY = YES;
				CLANG_WARN_ENUM_CONVERSION = YES;
				CLANG_WARN_INFINITE_RECURSION = YES;
				CLANG_WARN_INT_CONVERSION = YES;
				CLANG_WARN_NON_LITERAL_NULL_CONVERSION = YES;
				CLANG_WARN_OBJC_IMPLICIT_RETAIN_SELF = YES;
				CLANG_WARN_OBJC_LITERAL_CONVERSION = YES;
				CLANG_WARN_OBJC_ROOT_CLASS = YES_ERROR;
				CLANG_WARN_RANGE_LOOP_ANALYSIS = YES;
				CLANG_WARN_STRICT_PROTOTYPES = YES;
				CLANG_WARN_SUSPICIOUS_MOVE = YES;
				CLANG_WARN_UNGUARDED_AVAILABILITY = YES_AGGRESSIVE;
				CLANG_WARN_UNREACHABLE_CODE = YES;
				CLANG_WARN__DUPLICATE_METHOD_MATCH = YES;
				CODE_SIGN_IDENTITY = "iPhone Developer";
				COPY_PHASE_STRIP = NO;
				DEBUG_INFORMATION_FORMAT = dwarf;
				ENABLE_STRICT_OBJC_MSGSEND = YES;
				ENABLE_TESTABILITY = YES;
				GCC_C_LANGUAGE_STANDARD = gnu11;
				GCC_DYNAMIC_NO_PIC = NO;
				GCC_NO_COMMON_BLOCKS = YES;
				GCC_OPTIMIZATION_LEVEL = 0;
				GCC_PREPROCESSOR_DEFINITIONS = (
					"DEBUG=1",
					"$(inherited)",
				);
				GCC_WARN_64_TO_32_BIT_CONVERSION = YES;
				GCC_WARN_ABOUT_RETURN_TYPE = YES_ERROR;
				GCC_WARN_UNDECLARED_SELECTOR = YES;
				GCC_WARN_UNINITIALIZED_AUTOS = YES_AGGRESSIVE;
				GCC_WARN_UNUSED_FUNCTION = YES;
				GCC_WARN_UNUSED_VARIABLE = YES;
				IPHONEOS_DEPLOYMENT_TARGET = 9.0;
				MTL_ENABLE_DEBUG_INFO = INCLUDE_SOURCE;
				MTL_FAST_MATH = YES;
				ONLY_ACTIVE_ARCH = YES;
				SDKROOT = iphoneos;
				SWIFT_ACTIVE_COMPILATION_CONDITIONS = DEBUG;
				SWIFT_OPTIMIZATION_LEVEL = "-Onone";
			};
			name = Debug;
		};
		FC8C5540217BD79300B77B6E /* Release */ = {
			isa = XCBuildConfiguration;
			buildSettings = {
				ALWAYS_SEARCH_USER_PATHS = NO;
				CLANG_ANALYZER_NONNULL = YES;
				CLANG_ANALYZER_NUMBER_OBJECT_CONVERSION = YES_AGGRESSIVE;
				CLANG_CXX_LANGUAGE_STANDARD = "gnu++14";
				CLANG_CXX_LIBRARY = "libc++";
				CLANG_ENABLE_MODULES = YES;
				CLANG_ENABLE_OBJC_ARC = YES;
				CLANG_ENABLE_OBJC_WEAK = YES;
				CLANG_WARN_BLOCK_CAPTURE_AUTORELEASING = YES;
				CLANG_WARN_BOOL_CONVERSION = YES;
				CLANG_WARN_COMMA = YES;
				CLANG_WARN_CONSTANT_CONVERSION = YES;
				CLANG_WARN_DEPRECATED_OBJC_IMPLEMENTATIONS = YES;
				CLANG_WARN_DIRECT_OBJC_ISA_USAGE = YES_ERROR;
				CLANG_WARN_DOCUMENTATION_COMMENTS = YES;
				CLANG_WARN_EMPTY_BODY = YES;
				CLANG_WARN_ENUM_CONVERSION = YES;
				CLANG_WARN_INFINITE_RECURSION = YES;
				CLANG_WARN_INT_CONVERSION = YES;
				CLANG_WARN_NON_LITERAL_NULL_CONVERSION = YES;
				CLANG_WARN_OBJC_IMPLICIT_RETAIN_SELF = YES;
				CLANG_WARN_OBJC_LITERAL_CONVERSION = YES;
				CLANG_WARN_OBJC_ROOT_CLASS = YES_ERROR;
				CLANG_WARN_RANGE_LOOP_ANALYSIS = YES;
				CLANG_WARN_STRICT_PROTOTYPES = YES;
				CLANG_WARN_SUSPICIOUS_MOVE = YES;
				CLANG_WARN_UNGUARDED_AVAILABILITY = YES_AGGRESSIVE;
				CLANG_WARN_UNREACHABLE_CODE = YES;
				CLANG_WARN__DUPLICATE_METHOD_MATCH = YES;
				CODE_SIGN_IDENTITY = "iPhone Developer";
				COPY_PHASE_STRIP = NO;
				DEBUG_INFORMATION_FORMAT = "dwarf-with-dsym";
				ENABLE_NS_ASSERTIONS = NO;
				ENABLE_STRICT_OBJC_MSGSEND = YES;
				GCC_C_LANGUAGE_STANDARD = gnu11;
				GCC_NO_COMMON_BLOCKS = YES;
				GCC_WARN_64_TO_32_BIT_CONVERSION = YES;
				GCC_WARN_ABOUT_RETURN_TYPE = YES_ERROR;
				GCC_WARN_UNDECLARED_SELECTOR = YES;
				GCC_WARN_UNINITIALIZED_AUTOS = YES_AGGRESSIVE;
				GCC_WARN_UNUSED_FUNCTION = YES;
				GCC_WARN_UNUSED_VARIABLE = YES;
				IPHONEOS_DEPLOYMENT_TARGET = 9.0;
				MTL_ENABLE_DEBUG_INFO = NO;
				MTL_FAST_MATH = YES;
				SDKROOT = iphoneos;
				SWIFT_COMPILATION_MODE = wholemodule;
				SWIFT_OPTIMIZATION_LEVEL = "-O";
				VALIDATE_PRODUCT = YES;
			};
			name = Release;
		};
		FC8C5542217BD79300B77B6E /* Debug */ = {
			isa = XCBuildConfiguration;
			buildSettings = {
				ASSETCATALOG_COMPILER_APPICON_NAME = AppIcon;
				ASSETCATALOG_COMPILER_LAUNCHIMAGE_NAME = LaunchImage;
				CODE_SIGN_ENTITLEMENTS = "Muslim Quiz/Supporting Files/Muslim Quiz.entitlements";
				CODE_SIGN_IDENTITY = "iPhone Developer";
				CODE_SIGN_STYLE = Manual;
				CURRENT_PROJECT_VERSION = 9;
				DEVELOPMENT_TEAM = 5P8935L6RT;
				INFOPLIST_FILE = "Muslim Quiz/Supporting Files/Muslim-Quiz.plist";
				LD_RUNPATH_SEARCH_PATHS = (
					"$(inherited)",
					"@executable_path/Frameworks",
				);
				PRODUCT_BUNDLE_IDENTIFIER = "com.aminbenarieb.muslim-quiz";
				PRODUCT_NAME = "$(TARGET_NAME)";
				PROVISIONING_PROFILE_SPECIFIER = "match Development com.aminbenarieb.muslim-quiz";
				SWIFT_VERSION = 4.2;
				TARGETED_DEVICE_FAMILY = "1,2";
			};
			name = Debug;
		};
		FC8C5543217BD79300B77B6E /* Release */ = {
			isa = XCBuildConfiguration;
			buildSettings = {
				ASSETCATALOG_COMPILER_APPICON_NAME = AppIcon;
				ASSETCATALOG_COMPILER_LAUNCHIMAGE_NAME = LaunchImage;
				CODE_SIGN_ENTITLEMENTS = "Muslim Quiz/Supporting Files/Muslim Quiz.entitlements";
				CODE_SIGN_IDENTITY = "iPhone Distribution";
				CODE_SIGN_STYLE = Manual;
				CURRENT_PROJECT_VERSION = 9;
				DEVELOPMENT_TEAM = 5P8935L6RT;
				INFOPLIST_FILE = "Muslim Quiz/Supporting Files/Muslim-Quiz.plist";
				LD_RUNPATH_SEARCH_PATHS = (
					"$(inherited)",
					"@executable_path/Frameworks",
				);
				PRODUCT_BUNDLE_IDENTIFIER = "com.aminbenarieb.muslim-quiz";
				PRODUCT_NAME = "$(TARGET_NAME)";
				PROVISIONING_PROFILE_SPECIFIER = "match AdHoc com.aminbenarieb.muslim-quiz";
				SWIFT_VERSION = 4.2;
				TARGETED_DEVICE_FAMILY = "1,2";
			};
			name = Release;
		};
		FC8C5545217BD79300B77B6E /* Debug */ = {
			isa = XCBuildConfiguration;
			buildSettings = {
				ALWAYS_EMBED_SWIFT_STANDARD_LIBRARIES = YES;
				BUNDLE_LOADER = "$(TEST_HOST)";
				CODE_SIGN_STYLE = Automatic;
				DEVELOPMENT_TEAM = 5P8935L6RT;
				INFOPLIST_FILE = "Muslim QuizTests/Info.plist";
				LD_RUNPATH_SEARCH_PATHS = (
					"$(inherited)",
					"@executable_path/Frameworks",
					"@loader_path/Frameworks",
				);
				PRODUCT_BUNDLE_IDENTIFIER = "com.aminbenarieb.Muslim-QuizTests";
				PRODUCT_NAME = "$(TARGET_NAME)";
				SWIFT_VERSION = 4.2;
				TARGETED_DEVICE_FAMILY = "1,2";
				TEST_HOST = "$(BUILT_PRODUCTS_DIR)/Muslim Quiz.app/Muslim Quiz";
			};
			name = Debug;
		};
		FC8C5546217BD79300B77B6E /* Release */ = {
			isa = XCBuildConfiguration;
			buildSettings = {
				ALWAYS_EMBED_SWIFT_STANDARD_LIBRARIES = YES;
				BUNDLE_LOADER = "$(TEST_HOST)";
				CODE_SIGN_STYLE = Automatic;
				DEVELOPMENT_TEAM = 5P8935L6RT;
				INFOPLIST_FILE = "Muslim QuizTests/Info.plist";
				LD_RUNPATH_SEARCH_PATHS = (
					"$(inherited)",
					"@executable_path/Frameworks",
					"@loader_path/Frameworks",
				);
				PRODUCT_BUNDLE_IDENTIFIER = "com.aminbenarieb.Muslim-QuizTests";
				PRODUCT_NAME = "$(TARGET_NAME)";
				SWIFT_VERSION = 4.2;
				TARGETED_DEVICE_FAMILY = "1,2";
				TEST_HOST = "$(BUILT_PRODUCTS_DIR)/Muslim Quiz.app/Muslim Quiz";
			};
			name = Release;
		};
/* End XCBuildConfiguration section */

/* Begin XCConfigurationList section */
		FC8C551F217BD79000B77B6E /* Build configuration list for PBXProject "Muslim Quiz" */ = {
			isa = XCConfigurationList;
			buildConfigurations = (
				FC8C553F217BD79300B77B6E /* Debug */,
				FC8C5540217BD79300B77B6E /* Release */,
			);
			defaultConfigurationIsVisible = 0;
			defaultConfigurationName = Release;
		};
		FC8C5541217BD79300B77B6E /* Build configuration list for PBXNativeTarget "Muslim Quiz" */ = {
			isa = XCConfigurationList;
			buildConfigurations = (
				FC8C5542217BD79300B77B6E /* Debug */,
				FC8C5543217BD79300B77B6E /* Release */,
			);
			defaultConfigurationIsVisible = 0;
			defaultConfigurationName = Release;
		};
		FC8C5544217BD79300B77B6E /* Build configuration list for PBXNativeTarget "Muslim QuizTests" */ = {
			isa = XCConfigurationList;
			buildConfigurations = (
				FC8C5545217BD79300B77B6E /* Debug */,
				FC8C5546217BD79300B77B6E /* Release */,
			);
			defaultConfigurationIsVisible = 0;
			defaultConfigurationName = Release;
		};
/* End XCConfigurationList section */
	};
	rootObject = FC8C551C217BD79000B77B6E /* Project object */;
}
